
Microsoft Visual Studio Solution File, Format Version 12.00
# Visual Studio Version 16
VisualStudioVersion = 16.0.31410.357
MinimumVisualStudioVersion = 10.0.40219.1
Project("{FAE04EC0-301F-11D3-BF4B-00C04F79EFBC}") = "nullablesExercise", "nullablesExercise\nullablesExercise.csproj", "{FEE851B4-4AD3-429B-8B62-00D2A9D24C0E}"
EndProject
Global
	GlobalSection(SolutionConfigurationPlatforms) = preSolution
		Debug|Any CPU = Debug|Any CPU
		Release|Any CPU = Release|Any CPU
	EndGlobalSection
	GlobalSection(ProjectConfigurationPlatforms) = postSolution
		{FEE851B4-4AD3-429B-8B62-00D2A9D24C0E}.Debug|Any CPU.ActiveCfg = Debug|Any CPU
		{FEE851B4-4AD3-429B-8B62-00D2A9D24C0E}.Debug|Any CPU.Build.0 = Debug|Any CPU
		{FEE851B4-4AD3-429B-8B62-00D2A9D24C0E}.Release|Any CPU.ActiveCfg = Release|Any CPU
		{FEE851B4-4AD3-429B-8B62-00D2A9D24C0E}.Release|Any CPU.Build.0 = Release|Any CPU
	EndGlobalSection
	GlobalSection(SolutionProperties) = preSolution
		HideSolutionNode = FALSE
	EndGlobalSection
	GlobalSection(ExtensibilityGlobals) = postSolution
		SolutionGuid = {BF4E94C5-B4B2-4728-8AA9-7C298A5DDF5A}
	EndGlobalSection
EndGlobal
