
Microsoft Visual Studio Solution File, Format Version 12.00
# Visual Studio Version 16
VisualStudioVersion = 16.0.31410.357
MinimumVisualStudioVersion = 10.0.40219.1
Project("{FAE04EC0-301F-11D3-BF4B-00C04F79EFBC}") = "variableDeclaration", "variableDeclaration\variableDeclaration.csproj", "{0A3778B7-2A05-4E32-B60B-43E6AA86A81F}"
EndProject
Global
	GlobalSection(SolutionConfigurationPlatforms) = preSolution
		Debug|Any CPU = Debug|Any CPU
		Release|Any CPU = Release|Any CPU
	EndGlobalSection
	GlobalSection(ProjectConfigurationPlatforms) = postSolution
		{0A3778B7-2A05-4E32-B60B-43E6AA86A81F}.Debug|Any CPU.ActiveCfg = Debug|Any CPU
		{0A3778B7-2A05-4E32-B60B-43E6AA86A81F}.Debug|Any CPU.Build.0 = Debug|Any CPU
		{0A3778B7-2A05-4E32-B60B-43E6AA86A81F}.Release|Any CPU.ActiveCfg = Release|Any CPU
		{0A3778B7-2A05-4E32-B60B-43E6AA86A81F}.Release|Any CPU.Build.0 = Release|Any CPU
	EndGlobalSection
	GlobalSection(SolutionProperties) = preSolution
		HideSolutionNode = FALSE
	EndGlobalSection
	GlobalSection(ExtensibilityGlobals) = postSolution
		SolutionGuid = {6068D096-24A0-4209-A0E5-0849C58CB1EE}
	EndGlobalSection
EndGlobal
